// !$*UTF8*$!
{
	archiveVersion = 1;
	classes = {
	};
	objectVersion = 55;
	objects = {

/* Begin PBXBuildFile section */
		1C4BE3FA27F23A7A005E6A67 /* SearchViewController.swift in Sources */ = {isa = PBXBuildFile; fileRef = 1CF58B5327F090710018807A /* SearchViewController.swift */; };
		1C4BE3FB27F23A7E005E6A67 /* SearchCollectionViewController.swift in Sources */ = {isa = PBXBuildFile; fileRef = 1CF58B5527F090710018807A /* SearchCollectionViewController.swift */; };
		1C4BE3FC27F23A81005E6A67 /* PinterestLayout.swift in Sources */ = {isa = PBXBuildFile; fileRef = 1CF58B5727F090710018807A /* PinterestLayout.swift */; };
		1C4BE3FD27F23A86005E6A67 /* PhotoCell.swift in Sources */ = {isa = PBXBuildFile; fileRef = 1CF58B5427F090710018807A /* PhotoCell.swift */; };
		1C4BE42027F244A3005E6A67 /* PhotoServices.swift in Sources */ = {isa = PBXBuildFile; fileRef = 1C4BE41827F244A3005E6A67 /* PhotoServices.swift */; };
		1C4BE42127F244A3005E6A67 /* PhotosEndPoint.swift in Sources */ = {isa = PBXBuildFile; fileRef = 1C4BE41A27F244A3005E6A67 /* PhotosEndPoint.swift */; };
		1C4BE42327F244A3005E6A67 /* PhotoRequest.swift in Sources */ = {isa = PBXBuildFile; fileRef = 1C4BE41D27F244A3005E6A67 /* PhotoRequest.swift */; };
		1C4BE42727F251E0005E6A67 /* SearchPhotos.swift in Sources */ = {isa = PBXBuildFile; fileRef = 1C4BE42627F251E0005E6A67 /* SearchPhotos.swift */; };
		1C53610A2824143300D72477 /* DetailPhotoView.swift in Sources */ = {isa = PBXBuildFile; fileRef = 1C5361092824143300D72477 /* DetailPhotoView.swift */; };
		1C5C29CA28173F0100697AC0 /* MainDetailViewController.swift in Sources */ = {isa = PBXBuildFile; fileRef = 1C5C29C928173F0100697AC0 /* MainDetailViewController.swift */; };
		1C5C29CE2817482400697AC0 /* Animator.swift in Sources */ = {isa = PBXBuildFile; fileRef = 1C5C29CD2817482400697AC0 /* Animator.swift */; };
		1C73DC7828290F2C00145D1E /* PageViewController.swift in Sources */ = {isa = PBXBuildFile; fileRef = 1C73DC7728290F2C00145D1E /* PageViewController.swift */; };
		1CA76A812808B35800A7D47F /* DateFormatter.swift in Sources */ = {isa = PBXBuildFile; fileRef = 1CA76A802808B35800A7D47F /* DateFormatter.swift */; };
		1CA76A852808B48B00A7D47F /* String+Date.swift in Sources */ = {isa = PBXBuildFile; fileRef = 1CA76A842808B48B00A7D47F /* String+Date.swift */; };
		1CA76A872808B90400A7D47F /* UIView+Gradient.swift in Sources */ = {isa = PBXBuildFile; fileRef = 1CA76A862808B90400A7D47F /* UIView+Gradient.swift */; };
		1CDA995D27F637DA00B292C6 /* LoadingView.swift in Sources */ = {isa = PBXBuildFile; fileRef = 1CDA995C27F637DA00B292C6 /* LoadingView.swift */; };
		1CDA996127FB889B00B292C6 /* UIView+Extension.swift in Sources */ = {isa = PBXBuildFile; fileRef = 1CDA996027FB889B00B292C6 /* UIView+Extension.swift */; };
		1CDA996527FCD7AC00B292C6 /* UICollectionViewCell+Extension.swift in Sources */ = {isa = PBXBuildFile; fileRef = 1CDA996427FCD7AC00B292C6 /* UICollectionViewCell+Extension.swift */; };
		1CDA99672802105500B292C6 /* CardsCollectionViewLayout.swift in Sources */ = {isa = PBXBuildFile; fileRef = 1CDA99662802105500B292C6 /* CardsCollectionViewLayout.swift */; };
		1CDA99692804B35000B292C6 /* TabItem.swift in Sources */ = {isa = PBXBuildFile; fileRef = 1CDA99682804B35000B292C6 /* TabItem.swift */; };
		1CDA996B2804B3B100B292C6 /* NavigationMenuBaseController.swift in Sources */ = {isa = PBXBuildFile; fileRef = 1CDA996A2804B3B100B292C6 /* NavigationMenuBaseController.swift */; };
		1CDA996D2804B3E400B292C6 /* TabNavigationMenu.swift in Sources */ = {isa = PBXBuildFile; fileRef = 1CDA996C2804B3E400B292C6 /* TabNavigationMenu.swift */; };
		1CDA99702804C76A00B292C6 /* UIColor+Extension.swift in Sources */ = {isa = PBXBuildFile; fileRef = 1CDA996F2804C76A00B292C6 /* UIColor+Extension.swift */; };
		1CDA99722807629C00B292C6 /* UIViewController+Extansion.swift in Sources */ = {isa = PBXBuildFile; fileRef = 1CDA99712807629C00B292C6 /* UIViewController+Extansion.swift */; };
		1CDA99742807717F00B292C6 /* NSAttributedString+Extensions.swift in Sources */ = {isa = PBXBuildFile; fileRef = 1CDA99732807717F00B292C6 /* NSAttributedString+Extensions.swift */; };
		1CDA99762808A86400B292C6 /* User.swift in Sources */ = {isa = PBXBuildFile; fileRef = 1CDA99752808A86400B292C6 /* User.swift */; };
		1CDA99782808A88C00B292C6 /* PhotoLinks.swift in Sources */ = {isa = PBXBuildFile; fileRef = 1CDA99772808A88C00B292C6 /* PhotoLinks.swift */; };
		1CDA997A2808A89B00B292C6 /* Urls.swift in Sources */ = {isa = PBXBuildFile; fileRef = 1CDA99792808A89B00B292C6 /* Urls.swift */; };
		1CDA997C2808A8B100B292C6 /* UserLinks.swift in Sources */ = {isa = PBXBuildFile; fileRef = 1CDA997B2808A8B100B292C6 /* UserLinks.swift */; };
		1CDA997E2808A8C800B292C6 /* ProfileImage.swift in Sources */ = {isa = PBXBuildFile; fileRef = 1CDA997D2808A8C800B292C6 /* ProfileImage.swift */; };
		1CDA99832808A9D000B292C6 /* PhotoResponce.swift in Sources */ = {isa = PBXBuildFile; fileRef = 1CDA99822808A9D000B292C6 /* PhotoResponce.swift */; };
		1CDA99852808AAE300B292C6 /* Photo.swift in Sources */ = {isa = PBXBuildFile; fileRef = 1CDA99842808AAE300B292C6 /* Photo.swift */; };
		1CE97F8627DE0343007370C0 /* AppDelegate.swift in Sources */ = {isa = PBXBuildFile; fileRef = 1CE97F8527DE0343007370C0 /* AppDelegate.swift */; };
		1CE97F8A27DE0343007370C0 /* MainViewController.swift in Sources */ = {isa = PBXBuildFile; fileRef = 1CE97F8927DE0343007370C0 /* MainViewController.swift */; };
		1CE97F8F27DE0345007370C0 /* Assets.xcassets in Resources */ = {isa = PBXBuildFile; fileRef = 1CE97F8E27DE0345007370C0 /* Assets.xcassets */; };
		1CE97F9227DE0345007370C0 /* LaunchScreen.storyboard in Resources */ = {isa = PBXBuildFile; fileRef = 1CE97F9027DE0345007370C0 /* LaunchScreen.storyboard */; };
		1CE97F9A27DE06A6007370C0 /* EndPointType.swift in Sources */ = {isa = PBXBuildFile; fileRef = 1CE97F9927DE06A6007370C0 /* EndPointType.swift */; };
		1CE97F9D27DE07A2007370C0 /* HTTPMethod.swift in Sources */ = {isa = PBXBuildFile; fileRef = 1CE97F9C27DE07A2007370C0 /* HTTPMethod.swift */; };
		1CE97F9F27DE07C3007370C0 /* HTTPTask.swift in Sources */ = {isa = PBXBuildFile; fileRef = 1CE97F9E27DE07C3007370C0 /* HTTPTask.swift */; };
		1CE97FA127DE0807007370C0 /* Parameters.swift in Sources */ = {isa = PBXBuildFile; fileRef = 1CE97FA027DE0807007370C0 /* Parameters.swift */; };
		1CE97FA527DE08CD007370C0 /* ParameterEncoding.swift in Sources */ = {isa = PBXBuildFile; fileRef = 1CE97FA427DE08CD007370C0 /* ParameterEncoding.swift */; };
		1CE97FA727DE08E7007370C0 /* ParameterEncoderProtocol.swift in Sources */ = {isa = PBXBuildFile; fileRef = 1CE97FA627DE08E7007370C0 /* ParameterEncoderProtocol.swift */; };
		1CE97FA927DE0967007370C0 /* URLParameterEncoder.swift in Sources */ = {isa = PBXBuildFile; fileRef = 1CE97FA827DE0967007370C0 /* URLParameterEncoder.swift */; };
		1CE97FAC27DE09C0007370C0 /* JSONParameterEncoder.swift in Sources */ = {isa = PBXBuildFile; fileRef = 1CE97FAB27DE09C0007370C0 /* JSONParameterEncoder.swift */; };
		1CE97FAE27DE0AFA007370C0 /* NetworkLogger.swift in Sources */ = {isa = PBXBuildFile; fileRef = 1CE97FAD27DE0AFA007370C0 /* NetworkLogger.swift */; };
		1CE97FB127DE0B55007370C0 /* NetworkManager.swift in Sources */ = {isa = PBXBuildFile; fileRef = 1CE97FB027DE0B55007370C0 /* NetworkManager.swift */; };
		1CE97FB327DE0B71007370C0 /* NetworkResponse.swift in Sources */ = {isa = PBXBuildFile; fileRef = 1CE97FB227DE0B71007370C0 /* NetworkResponse.swift */; };
		1CE97FB527DE0C02007370C0 /* NetworkEnvironment.swift in Sources */ = {isa = PBXBuildFile; fileRef = 1CE97FB427DE0C02007370C0 /* NetworkEnvironment.swift */; };
		1CE97FB727DE0C58007370C0 /* Router.swift in Sources */ = {isa = PBXBuildFile; fileRef = 1CE97FB627DE0C58007370C0 /* Router.swift */; };
		1CE97FBA27DE0D46007370C0 /* SearchPhotosEndPoint.swift in Sources */ = {isa = PBXBuildFile; fileRef = 1CE97FB927DE0D46007370C0 /* SearchPhotosEndPoint.swift */; };
		1CE97FBD27DE109F007370C0 /* Enviroment.swift in Sources */ = {isa = PBXBuildFile; fileRef = 1CE97FBC27DE109F007370C0 /* Enviroment.swift */; };
		1CE97FC327DE2452007370C0 /* HTTPHeaders.swift in Sources */ = {isa = PBXBuildFile; fileRef = 1CE97FC227DE2452007370C0 /* HTTPHeaders.swift */; };
		1CE97FC627DE2BB6007370C0 /* SearchPhotoServices.swift in Sources */ = {isa = PBXBuildFile; fileRef = 1CE97FC527DE2BB6007370C0 /* SearchPhotoServices.swift */; };
		1CE97FCA27DE2C8A007370C0 /* SearchRequest.swift in Sources */ = {isa = PBXBuildFile; fileRef = 1CE97FC927DE2C8A007370C0 /* SearchRequest.swift */; };
		1CE97FCC27DE2EB5007370C0 /* UIAlertController+Extension.swift in Sources */ = {isa = PBXBuildFile; fileRef = 1CE97FCB27DE2EB5007370C0 /* UIAlertController+Extension.swift */; };
		1CE97FD327DE47A9007370C0 /* PhotosCollectionView.swift in Sources */ = {isa = PBXBuildFile; fileRef = 1CE97FD227DE47A9007370C0 /* PhotosCollectionView.swift */; };
		1CE97FD527DE499A007370C0 /* SearchCell.swift in Sources */ = {isa = PBXBuildFile; fileRef = 1CE97FD427DE499A007370C0 /* SearchCell.swift */; };
		1CE97FD727DE4B9A007370C0 /* WebImageView.swift in Sources */ = {isa = PBXBuildFile; fileRef = 1CE97FD627DE4B9A007370C0 /* WebImageView.swift */; };
		1CF58B4127EF28C30018807A /* MosaicLayout.swift in Sources */ = {isa = PBXBuildFile; fileRef = 1CF58B4027EF28C30018807A /* MosaicLayout.swift */; };
		1CF58B5027F08F100018807A /* UIViewContriller+Extension.swift in Sources */ = {isa = PBXBuildFile; fileRef = 1CF58B4F27F08F100018807A /* UIViewContriller+Extension.swift */; };
		1CF58B5A27F091550018807A /* RowLayout.swift in Sources */ = {isa = PBXBuildFile; fileRef = 1CF58B5927F091550018807A /* RowLayout.swift */; };
		CE80D8D2282D3F300069897E /* SearchFilterModel.swift in Sources */ = {isa = PBXBuildFile; fileRef = CE80D8D1282D3F300069897E /* SearchFilterModel.swift */; };
		CEA50385282D2FCD0042A749 /* FilterCollectionView.swift in Sources */ = {isa = PBXBuildFile; fileRef = CEA50384282D2FCD0042A749 /* FilterCollectionView.swift */; };
		CEA50387282D30B60042A749 /* FilterCollectionViewCell.swift in Sources */ = {isa = PBXBuildFile; fileRef = CEA50386282D30B60042A749 /* FilterCollectionViewCell.swift */; };
		CEFC861128100B8700A5FD8B /* NetworkMonitor.swift in Sources */ = {isa = PBXBuildFile; fileRef = CEFC861028100B8700A5FD8B /* NetworkMonitor.swift */; };
		CEFC861328100C9E00A5FD8B /* UIViewController+Extension.swift in Sources */ = {isa = PBXBuildFile; fileRef = CEFC861228100C9E00A5FD8B /* UIViewController+Extension.swift */; };
		CEFC861528100E9200A5FD8B /* Error+Extension.swift in Sources */ = {isa = PBXBuildFile; fileRef = CEFC861428100E9200A5FD8B /* Error+Extension.swift */; };
/* End PBXBuildFile section */

/* Begin PBXFileReference section */
		1C4BE41827F244A3005E6A67 /* PhotoServices.swift */ = {isa = PBXFileReference; lastKnownFileType = sourcecode.swift; path = PhotoServices.swift; sourceTree = "<group>"; };
		1C4BE41A27F244A3005E6A67 /* PhotosEndPoint.swift */ = {isa = PBXFileReference; lastKnownFileType = sourcecode.swift; path = PhotosEndPoint.swift; sourceTree = "<group>"; };
		1C4BE41D27F244A3005E6A67 /* PhotoRequest.swift */ = {isa = PBXFileReference; lastKnownFileType = sourcecode.swift; path = PhotoRequest.swift; sourceTree = "<group>"; };
		1C4BE42627F251E0005E6A67 /* SearchPhotos.swift */ = {isa = PBXFileReference; lastKnownFileType = sourcecode.swift; path = SearchPhotos.swift; sourceTree = "<group>"; };
		1C5361092824143300D72477 /* DetailPhotoView.swift */ = {isa = PBXFileReference; lastKnownFileType = sourcecode.swift; path = DetailPhotoView.swift; sourceTree = "<group>"; };
		1C5C29C928173F0100697AC0 /* MainDetailViewController.swift */ = {isa = PBXFileReference; lastKnownFileType = sourcecode.swift; path = MainDetailViewController.swift; sourceTree = "<group>"; };
		1C5C29CD2817482400697AC0 /* Animator.swift */ = {isa = PBXFileReference; lastKnownFileType = sourcecode.swift; path = Animator.swift; sourceTree = "<group>"; };
		1C73DC7728290F2C00145D1E /* PageViewController.swift */ = {isa = PBXFileReference; lastKnownFileType = sourcecode.swift; path = PageViewController.swift; sourceTree = "<group>"; };
		1CA76A802808B35800A7D47F /* DateFormatter.swift */ = {isa = PBXFileReference; lastKnownFileType = sourcecode.swift; path = DateFormatter.swift; sourceTree = "<group>"; };
		1CA76A842808B48B00A7D47F /* String+Date.swift */ = {isa = PBXFileReference; lastKnownFileType = sourcecode.swift; path = "String+Date.swift"; sourceTree = "<group>"; };
		1CA76A862808B90400A7D47F /* UIView+Gradient.swift */ = {isa = PBXFileReference; lastKnownFileType = sourcecode.swift; path = "UIView+Gradient.swift"; sourceTree = "<group>"; };
		1CDA995C27F637DA00B292C6 /* LoadingView.swift */ = {isa = PBXFileReference; lastKnownFileType = sourcecode.swift; path = LoadingView.swift; sourceTree = "<group>"; };
		1CDA996027FB889B00B292C6 /* UIView+Extension.swift */ = {isa = PBXFileReference; lastKnownFileType = sourcecode.swift; path = "UIView+Extension.swift"; sourceTree = "<group>"; };
		1CDA996427FCD7AC00B292C6 /* UICollectionViewCell+Extension.swift */ = {isa = PBXFileReference; lastKnownFileType = sourcecode.swift; path = "UICollectionViewCell+Extension.swift"; sourceTree = "<group>"; };
		1CDA99662802105500B292C6 /* CardsCollectionViewLayout.swift */ = {isa = PBXFileReference; lastKnownFileType = sourcecode.swift; path = CardsCollectionViewLayout.swift; sourceTree = "<group>"; };
		1CDA99682804B35000B292C6 /* TabItem.swift */ = {isa = PBXFileReference; lastKnownFileType = sourcecode.swift; path = TabItem.swift; sourceTree = "<group>"; };
		1CDA996A2804B3B100B292C6 /* NavigationMenuBaseController.swift */ = {isa = PBXFileReference; lastKnownFileType = sourcecode.swift; path = NavigationMenuBaseController.swift; sourceTree = "<group>"; };
		1CDA996C2804B3E400B292C6 /* TabNavigationMenu.swift */ = {isa = PBXFileReference; lastKnownFileType = sourcecode.swift; path = TabNavigationMenu.swift; sourceTree = "<group>"; };
		1CDA996F2804C76A00B292C6 /* UIColor+Extension.swift */ = {isa = PBXFileReference; lastKnownFileType = sourcecode.swift; path = "UIColor+Extension.swift"; sourceTree = "<group>"; };
		1CDA99712807629C00B292C6 /* UIViewController+Extansion.swift */ = {isa = PBXFileReference; lastKnownFileType = sourcecode.swift; path = "UIViewController+Extansion.swift"; sourceTree = "<group>"; };
		1CDA99732807717F00B292C6 /* NSAttributedString+Extensions.swift */ = {isa = PBXFileReference; lastKnownFileType = sourcecode.swift; path = "NSAttributedString+Extensions.swift"; sourceTree = "<group>"; };
		1CDA99752808A86400B292C6 /* User.swift */ = {isa = PBXFileReference; lastKnownFileType = sourcecode.swift; path = User.swift; sourceTree = "<group>"; };
		1CDA99772808A88C00B292C6 /* PhotoLinks.swift */ = {isa = PBXFileReference; lastKnownFileType = sourcecode.swift; path = PhotoLinks.swift; sourceTree = "<group>"; };
		1CDA99792808A89B00B292C6 /* Urls.swift */ = {isa = PBXFileReference; lastKnownFileType = sourcecode.swift; path = Urls.swift; sourceTree = "<group>"; };
		1CDA997B2808A8B100B292C6 /* UserLinks.swift */ = {isa = PBXFileReference; lastKnownFileType = sourcecode.swift; path = UserLinks.swift; sourceTree = "<group>"; };
		1CDA997D2808A8C800B292C6 /* ProfileImage.swift */ = {isa = PBXFileReference; lastKnownFileType = sourcecode.swift; path = ProfileImage.swift; sourceTree = "<group>"; };
		1CDA99822808A9D000B292C6 /* PhotoResponce.swift */ = {isa = PBXFileReference; lastKnownFileType = sourcecode.swift; path = PhotoResponce.swift; sourceTree = "<group>"; };
		1CDA99842808AAE300B292C6 /* Photo.swift */ = {isa = PBXFileReference; lastKnownFileType = sourcecode.swift; path = Photo.swift; sourceTree = "<group>"; };
		1CE97F8227DE0343007370C0 /* Photogramm.app */ = {isa = PBXFileReference; explicitFileType = wrapper.application; includeInIndex = 0; path = Photogramm.app; sourceTree = BUILT_PRODUCTS_DIR; };
		1CE97F8527DE0343007370C0 /* AppDelegate.swift */ = {isa = PBXFileReference; lastKnownFileType = sourcecode.swift; path = AppDelegate.swift; sourceTree = "<group>"; };
		1CE97F8927DE0343007370C0 /* MainViewController.swift */ = {isa = PBXFileReference; lastKnownFileType = sourcecode.swift; path = MainViewController.swift; sourceTree = "<group>"; };
		1CE97F8E27DE0345007370C0 /* Assets.xcassets */ = {isa = PBXFileReference; lastKnownFileType = folder.assetcatalog; path = Assets.xcassets; sourceTree = "<group>"; };
		1CE97F9127DE0345007370C0 /* Base */ = {isa = PBXFileReference; lastKnownFileType = file.storyboard; name = Base; path = Base.lproj/LaunchScreen.storyboard; sourceTree = "<group>"; };
		1CE97F9327DE0345007370C0 /* Info.plist */ = {isa = PBXFileReference; lastKnownFileType = text.plist.xml; path = Info.plist; sourceTree = "<group>"; };
		1CE97F9927DE06A6007370C0 /* EndPointType.swift */ = {isa = PBXFileReference; lastKnownFileType = sourcecode.swift; path = EndPointType.swift; sourceTree = "<group>"; };
		1CE97F9C27DE07A2007370C0 /* HTTPMethod.swift */ = {isa = PBXFileReference; lastKnownFileType = sourcecode.swift; path = HTTPMethod.swift; sourceTree = "<group>"; };
		1CE97F9E27DE07C3007370C0 /* HTTPTask.swift */ = {isa = PBXFileReference; lastKnownFileType = sourcecode.swift; path = HTTPTask.swift; sourceTree = "<group>"; };
		1CE97FA027DE0807007370C0 /* Parameters.swift */ = {isa = PBXFileReference; lastKnownFileType = sourcecode.swift; path = Parameters.swift; sourceTree = "<group>"; };
		1CE97FA427DE08CD007370C0 /* ParameterEncoding.swift */ = {isa = PBXFileReference; lastKnownFileType = sourcecode.swift; path = ParameterEncoding.swift; sourceTree = "<group>"; };
		1CE97FA627DE08E7007370C0 /* ParameterEncoderProtocol.swift */ = {isa = PBXFileReference; lastKnownFileType = sourcecode.swift; path = ParameterEncoderProtocol.swift; sourceTree = "<group>"; };
		1CE97FA827DE0967007370C0 /* URLParameterEncoder.swift */ = {isa = PBXFileReference; lastKnownFileType = sourcecode.swift; path = URLParameterEncoder.swift; sourceTree = "<group>"; };
		1CE97FAB27DE09C0007370C0 /* JSONParameterEncoder.swift */ = {isa = PBXFileReference; lastKnownFileType = sourcecode.swift; path = JSONParameterEncoder.swift; sourceTree = "<group>"; };
		1CE97FAD27DE0AFA007370C0 /* NetworkLogger.swift */ = {isa = PBXFileReference; lastKnownFileType = sourcecode.swift; path = NetworkLogger.swift; sourceTree = "<group>"; };
		1CE97FB027DE0B55007370C0 /* NetworkManager.swift */ = {isa = PBXFileReference; lastKnownFileType = sourcecode.swift; path = NetworkManager.swift; sourceTree = "<group>"; };
		1CE97FB227DE0B71007370C0 /* NetworkResponse.swift */ = {isa = PBXFileReference; lastKnownFileType = sourcecode.swift; path = NetworkResponse.swift; sourceTree = "<group>"; };
		1CE97FB427DE0C02007370C0 /* NetworkEnvironment.swift */ = {isa = PBXFileReference; lastKnownFileType = sourcecode.swift; path = NetworkEnvironment.swift; sourceTree = "<group>"; };
		1CE97FB627DE0C58007370C0 /* Router.swift */ = {isa = PBXFileReference; lastKnownFileType = sourcecode.swift; path = Router.swift; sourceTree = "<group>"; };
		1CE97FB927DE0D46007370C0 /* SearchPhotosEndPoint.swift */ = {isa = PBXFileReference; lastKnownFileType = sourcecode.swift; path = SearchPhotosEndPoint.swift; sourceTree = "<group>"; };
		1CE97FBC27DE109F007370C0 /* Enviroment.swift */ = {isa = PBXFileReference; lastKnownFileType = sourcecode.swift; path = Enviroment.swift; sourceTree = "<group>"; };
		1CE97FC227DE2452007370C0 /* HTTPHeaders.swift */ = {isa = PBXFileReference; lastKnownFileType = sourcecode.swift; path = HTTPHeaders.swift; sourceTree = "<group>"; };
		1CE97FC527DE2BB6007370C0 /* SearchPhotoServices.swift */ = {isa = PBXFileReference; lastKnownFileType = sourcecode.swift; path = SearchPhotoServices.swift; sourceTree = "<group>"; };
		1CE97FC927DE2C8A007370C0 /* SearchRequest.swift */ = {isa = PBXFileReference; lastKnownFileType = sourcecode.swift; path = SearchRequest.swift; sourceTree = "<group>"; };
		1CE97FCB27DE2EB5007370C0 /* UIAlertController+Extension.swift */ = {isa = PBXFileReference; lastKnownFileType = sourcecode.swift; path = "UIAlertController+Extension.swift"; sourceTree = "<group>"; };
		1CE97FD227DE47A9007370C0 /* PhotosCollectionView.swift */ = {isa = PBXFileReference; lastKnownFileType = sourcecode.swift; path = PhotosCollectionView.swift; sourceTree = "<group>"; };
		1CE97FD427DE499A007370C0 /* SearchCell.swift */ = {isa = PBXFileReference; lastKnownFileType = sourcecode.swift; path = SearchCell.swift; sourceTree = "<group>"; };
		1CE97FD627DE4B9A007370C0 /* WebImageView.swift */ = {isa = PBXFileReference; lastKnownFileType = sourcecode.swift; path = WebImageView.swift; sourceTree = "<group>"; };
		1CF58B4027EF28C30018807A /* MosaicLayout.swift */ = {isa = PBXFileReference; lastKnownFileType = sourcecode.swift; path = MosaicLayout.swift; sourceTree = "<group>"; };
		1CF58B4F27F08F100018807A /* UIViewContriller+Extension.swift */ = {isa = PBXFileReference; lastKnownFileType = sourcecode.swift; path = "UIViewContriller+Extension.swift"; sourceTree = "<group>"; };
		1CF58B5327F090710018807A /* SearchViewController.swift */ = {isa = PBXFileReference; lastKnownFileType = sourcecode.swift; path = SearchViewController.swift; sourceTree = "<group>"; };
		1CF58B5427F090710018807A /* PhotoCell.swift */ = {isa = PBXFileReference; lastKnownFileType = sourcecode.swift; path = PhotoCell.swift; sourceTree = "<group>"; };
		1CF58B5527F090710018807A /* SearchCollectionViewController.swift */ = {isa = PBXFileReference; lastKnownFileType = sourcecode.swift; path = SearchCollectionViewController.swift; sourceTree = "<group>"; };
		1CF58B5727F090710018807A /* PinterestLayout.swift */ = {isa = PBXFileReference; lastKnownFileType = sourcecode.swift; path = PinterestLayout.swift; sourceTree = "<group>"; };
		1CF58B5927F091550018807A /* RowLayout.swift */ = {isa = PBXFileReference; lastKnownFileType = sourcecode.swift; path = RowLayout.swift; sourceTree = "<group>"; };
		CE80D8D1282D3F300069897E /* SearchFilterModel.swift */ = {isa = PBXFileReference; lastKnownFileType = sourcecode.swift; path = SearchFilterModel.swift; sourceTree = "<group>"; };
		CEA50384282D2FCD0042A749 /* FilterCollectionView.swift */ = {isa = PBXFileReference; lastKnownFileType = sourcecode.swift; path = FilterCollectionView.swift; sourceTree = "<group>"; };
		CEA50386282D30B60042A749 /* FilterCollectionViewCell.swift */ = {isa = PBXFileReference; lastKnownFileType = sourcecode.swift; path = FilterCollectionViewCell.swift; sourceTree = "<group>"; };
		CEFC861028100B8700A5FD8B /* NetworkMonitor.swift */ = {isa = PBXFileReference; lastKnownFileType = sourcecode.swift; path = NetworkMonitor.swift; sourceTree = "<group>"; };
		CEFC861228100C9E00A5FD8B /* UIViewController+Extension.swift */ = {isa = PBXFileReference; lastKnownFileType = sourcecode.swift; path = "UIViewController+Extension.swift"; sourceTree = "<group>"; };
		CEFC861428100E9200A5FD8B /* Error+Extension.swift */ = {isa = PBXFileReference; lastKnownFileType = sourcecode.swift; path = "Error+Extension.swift"; sourceTree = "<group>"; };
/* End PBXFileReference section */

/* Begin PBXFrameworksBuildPhase section */
		1CE97F7F27DE0343007370C0 /* Frameworks */ = {
			isa = PBXFrameworksBuildPhase;
			buildActionMask = 2147483647;
			files = (
			);
			runOnlyForDeploymentPostprocessing = 0;
		};
/* End PBXFrameworksBuildPhase section */

/* Begin PBXGroup section */
		1C4BE41727F244A3005E6A67 /* Main */ = {
			isa = PBXGroup;
			children = (
				1C4BE41827F244A3005E6A67 /* PhotoServices.swift */,
				1C4BE41927F244A3005E6A67 /* EndPoint */,
				1C4BE41B27F244A3005E6A67 /* Models */,
			);
			path = Main;
			sourceTree = "<group>";
		};
		1C4BE41927F244A3005E6A67 /* EndPoint */ = {
			isa = PBXGroup;
			children = (
				1C4BE41A27F244A3005E6A67 /* PhotosEndPoint.swift */,
			);
			path = EndPoint;
			sourceTree = "<group>";
		};
		1C4BE41B27F244A3005E6A67 /* Models */ = {
			isa = PBXGroup;
			children = (
				1C4BE41D27F244A3005E6A67 /* PhotoRequest.swift */,
				1CDA99822808A9D000B292C6 /* PhotoResponce.swift */,
			);
			path = Models;
			sourceTree = "<group>";
		};
		1C5C29C828173EDE00697AC0 /* MainDetail */ = {
			isa = PBXGroup;
			children = (
				1C5C29C928173F0100697AC0 /* MainDetailViewController.swift */,
				1C5361092824143300D72477 /* DetailPhotoView.swift */,
			);
			path = MainDetail;
			sourceTree = "<group>";
		};
		1C73DC79282923C900145D1E /* Main */ = {
			isa = PBXGroup;
			children = (
				1CF58B5127F090460018807A /* Main */,
				1C5C29C828173EDE00697AC0 /* MainDetail */,
			);
			path = Main;
			sourceTree = "<group>";
		};
		1CDA996E2804B41100B292C6 /* TabBar */ = {
			isa = PBXGroup;
			children = (
				1CDA996A2804B3B100B292C6 /* NavigationMenuBaseController.swift */,
				1CDA996C2804B3E400B292C6 /* TabNavigationMenu.swift */,
				1CDA99682804B35000B292C6 /* TabItem.swift */,
			);
			path = TabBar;
			sourceTree = "<group>";
		};
		1CDA99812808A95200B292C6 /* Models */ = {
			isa = PBXGroup;
			children = (
				1CDA997D2808A8C800B292C6 /* ProfileImage.swift */,
				1CDA99842808AAE300B292C6 /* Photo.swift */,
				1CDA997B2808A8B100B292C6 /* UserLinks.swift */,
				1CDA99792808A89B00B292C6 /* Urls.swift */,
				1CDA99772808A88C00B292C6 /* PhotoLinks.swift */,
				1CDA99752808A86400B292C6 /* User.swift */,
			);
			path = Models;
			sourceTree = "<group>";
		};
		1CE97F7927DE0343007370C0 = {
			isa = PBXGroup;
			children = (
				1CE97F8427DE0343007370C0 /* Photogramm */,
				1CE97F8E27DE0345007370C0 /* Assets.xcassets */,
				1CE97F9327DE0345007370C0 /* Info.plist */,
				1CE97F8327DE0343007370C0 /* Products */,
			);
			sourceTree = "<group>";
		};
		1CE97F8327DE0343007370C0 /* Products */ = {
			isa = PBXGroup;
			children = (
				1CE97F8227DE0343007370C0 /* Photogramm.app */,
			);
			name = Products;
			sourceTree = "<group>";
		};
		1CE97F8427DE0343007370C0 /* Photogramm */ = {
			isa = PBXGroup;
			children = (
				1CE97FBC27DE109F007370C0 /* Enviroment.swift */,
				1CE97FD027DE3206007370C0 /* App */,
				1CDA996E2804B41100B292C6 /* TabBar */,
				1CE97FD127DE3220007370C0 /* Modules */,
				1CDA99812808A95200B292C6 /* Models */,
				1CE97FC427DE2BA6007370C0 /* Services */,
				1CE97F9B27DE06AD007370C0 /* Networking */,
				1CF58B3F27EF288D0018807A /* Utilites */,
				1CF58B4A27EF3CF50018807A /* CustomLayouts */,
				1CE97FCD27DE2ED5007370C0 /* Extensions */,
			);
			path = Photogramm;
			sourceTree = "<group>";
		};
		1CE97F9B27DE06AD007370C0 /* Networking */ = {
			isa = PBXGroup;
			children = (
				CEFC861028100B8700A5FD8B /* NetworkMonitor.swift */,
				1CE97FCE27DE30FC007370C0 /* Models */,
				1CE97FB827DE0C5D007370C0 /* Router */,
				1CE97FAF27DE0B48007370C0 /* Manager */,
				1CE97FAA27DE0990007370C0 /* Encoding */,
				1CE97FBE27DE10A9007370C0 /* Logger */,
			);
			path = Networking;
			sourceTree = "<group>";
		};
		1CE97FAA27DE0990007370C0 /* Encoding */ = {
			isa = PBXGroup;
			children = (
				1CE97FA627DE08E7007370C0 /* ParameterEncoderProtocol.swift */,
				1CE97FA427DE08CD007370C0 /* ParameterEncoding.swift */,
				1CE97FA827DE0967007370C0 /* URLParameterEncoder.swift */,
				1CE97FAB27DE09C0007370C0 /* JSONParameterEncoder.swift */,
			);
			path = Encoding;
			sourceTree = "<group>";
		};
		1CE97FAF27DE0B48007370C0 /* Manager */ = {
			isa = PBXGroup;
			children = (
				1CE97FB027DE0B55007370C0 /* NetworkManager.swift */,
				1CE97FB227DE0B71007370C0 /* NetworkResponse.swift */,
			);
			path = Manager;
			sourceTree = "<group>";
		};
		1CE97FB827DE0C5D007370C0 /* Router */ = {
			isa = PBXGroup;
			children = (
				1CE97FB627DE0C58007370C0 /* Router.swift */,
			);
			path = Router;
			sourceTree = "<group>";
		};
		1CE97FBB27DE0D4C007370C0 /* EndPoint */ = {
			isa = PBXGroup;
			children = (
				1CE97FB927DE0D46007370C0 /* SearchPhotosEndPoint.swift */,
			);
			path = EndPoint;
			sourceTree = "<group>";
		};
		1CE97FBE27DE10A9007370C0 /* Logger */ = {
			isa = PBXGroup;
			children = (
				1CE97FAD27DE0AFA007370C0 /* NetworkLogger.swift */,
			);
			path = Logger;
			sourceTree = "<group>";
		};
		1CE97FC127DE1590007370C0 /* Models */ = {
			isa = PBXGroup;
			children = (
				1CE97FC927DE2C8A007370C0 /* SearchRequest.swift */,
				1C4BE42627F251E0005E6A67 /* SearchPhotos.swift */,
			);
			path = Models;
			sourceTree = "<group>";
		};
		1CE97FC427DE2BA6007370C0 /* Services */ = {
			isa = PBXGroup;
			children = (
				1C4BE41727F244A3005E6A67 /* Main */,
				1CE97FCF27DE313A007370C0 /* Search */,
			);
			path = Services;
			sourceTree = "<group>";
		};
		1CE97FCD27DE2ED5007370C0 /* Extensions */ = {
			isa = PBXGroup;
			children = (
				1CE97FCB27DE2EB5007370C0 /* UIAlertController+Extension.swift */,
				CEFC861228100C9E00A5FD8B /* UIViewController+Extension.swift */,
				CEFC861428100E9200A5FD8B /* Error+Extension.swift */,
				1CF58B4F27F08F100018807A /* UIViewContriller+Extension.swift */,
				1CDA996027FB889B00B292C6 /* UIView+Extension.swift */,
				1CA76A862808B90400A7D47F /* UIView+Gradient.swift */,
				1CDA996427FCD7AC00B292C6 /* UICollectionViewCell+Extension.swift */,
				1CDA996F2804C76A00B292C6 /* UIColor+Extension.swift */,
				1CDA99712807629C00B292C6 /* UIViewController+Extansion.swift */,
				1CDA99732807717F00B292C6 /* NSAttributedString+Extensions.swift */,
				1CA76A802808B35800A7D47F /* DateFormatter.swift */,
				1CA76A842808B48B00A7D47F /* String+Date.swift */,
			);
			path = Extensions;
			sourceTree = "<group>";
		};
		1CE97FCE27DE30FC007370C0 /* Models */ = {
			isa = PBXGroup;
			children = (
				1CE97FB427DE0C02007370C0 /* NetworkEnvironment.swift */,
				1CE97F9927DE06A6007370C0 /* EndPointType.swift */,
				1CE97FA027DE0807007370C0 /* Parameters.swift */,
				1CE97F9C27DE07A2007370C0 /* HTTPMethod.swift */,
				1CE97FC227DE2452007370C0 /* HTTPHeaders.swift */,
				1CE97F9E27DE07C3007370C0 /* HTTPTask.swift */,
			);
			path = Models;
			sourceTree = "<group>";
		};
		1CE97FCF27DE313A007370C0 /* Search */ = {
			isa = PBXGroup;
			children = (
				1CE97FC527DE2BB6007370C0 /* SearchPhotoServices.swift */,
				1CE97FBB27DE0D4C007370C0 /* EndPoint */,
				1CE97FC127DE1590007370C0 /* Models */,
			);
			path = Search;
			sourceTree = "<group>";
		};
		1CE97FD027DE3206007370C0 /* App */ = {
			isa = PBXGroup;
			children = (
				1CE97F8527DE0343007370C0 /* AppDelegate.swift */,
				1CE97F9027DE0345007370C0 /* LaunchScreen.storyboard */,
			);
			path = App;
			sourceTree = "<group>";
		};
		1CE97FD127DE3220007370C0 /* Modules */ = {
			isa = PBXGroup;
			children = (
				1C73DC79282923C900145D1E /* Main */,
				1CF58B5227F0904B0018807A /* Search */,
			);
			path = Modules;
			sourceTree = "<group>";
		};
		1CF58B3F27EF288D0018807A /* Utilites */ = {
			isa = PBXGroup;
			children = (
				1CE97FD627DE4B9A007370C0 /* WebImageView.swift */,
			);
			path = Utilites;
			sourceTree = "<group>";
		};
		1CF58B4A27EF3CF50018807A /* CustomLayouts */ = {
			isa = PBXGroup;
			children = (
				1CF58B4027EF28C30018807A /* MosaicLayout.swift */,
				1CF58B5727F090710018807A /* PinterestLayout.swift */,
				1CF58B5927F091550018807A /* RowLayout.swift */,
				1CDA99662802105500B292C6 /* CardsCollectionViewLayout.swift */,
			);
			path = CustomLayouts;
			sourceTree = "<group>";
		};
		1CF58B5127F090460018807A /* Main */ = {
			isa = PBXGroup;
			children = (
				1CF58B5427F090710018807A /* PhotoCell.swift */,
				1CE97F8927DE0343007370C0 /* MainViewController.swift */,
				1CE97FD227DE47A9007370C0 /* PhotosCollectionView.swift */,
				1C5C29CD2817482400697AC0 /* Animator.swift */,
			);
			path = Main;
			sourceTree = "<group>";
		};
		1CF58B5227F0904B0018807A /* Search */ = {
			isa = PBXGroup;
			children = (
				CEA50388282D34270042A749 /* FilterCollection */,
				1CE97FD427DE499A007370C0 /* SearchCell.swift */,
				1CDA995C27F637DA00B292C6 /* LoadingView.swift */,
				1CF58B5327F090710018807A /* SearchViewController.swift */,
				1CF58B5527F090710018807A /* SearchCollectionViewController.swift */,
				1C73DC7728290F2C00145D1E /* PageViewController.swift */,
			);
			path = Search;
			sourceTree = "<group>";
		};
		CEA50388282D34270042A749 /* FilterCollection */ = {
			isa = PBXGroup;
			children = (
				CE80D8D1282D3F300069897E /* SearchFilterModel.swift */,
				CEA50384282D2FCD0042A749 /* FilterCollectionView.swift */,
				CEA50386282D30B60042A749 /* FilterCollectionViewCell.swift */,
			);
			path = FilterCollection;
			sourceTree = "<group>";
		};
/* End PBXGroup section */

/* Begin PBXNativeTarget section */
		1CE97F8127DE0343007370C0 /* Photogramm */ = {
			isa = PBXNativeTarget;
			buildConfigurationList = 1CE97F9627DE0345007370C0 /* Build configuration list for PBXNativeTarget "Photogramm" */;
			buildPhases = (
				1CE97F7E27DE0343007370C0 /* Sources */,
				1CE97F7F27DE0343007370C0 /* Frameworks */,
				1CE97F8027DE0343007370C0 /* Resources */,
			);
			buildRules = (
			);
			dependencies = (
			);
			name = Photogramm;
			productName = Photogramm;
			productReference = 1CE97F8227DE0343007370C0 /* Photogramm.app */;
			productType = "com.apple.product-type.application";
		};
/* End PBXNativeTarget section */

/* Begin PBXProject section */
		1CE97F7A27DE0343007370C0 /* Project object */ = {
			isa = PBXProject;
			attributes = {
				BuildIndependentTargetsInParallel = 1;
				LastSwiftUpdateCheck = 1320;
				LastUpgradeCheck = 1320;
				TargetAttributes = {
					1CE97F8127DE0343007370C0 = {
						CreatedOnToolsVersion = 13.2.1;
					};
				};
			};
			buildConfigurationList = 1CE97F7D27DE0343007370C0 /* Build configuration list for PBXProject "Photogramm" */;
			compatibilityVersion = "Xcode 13.0";
			developmentRegion = en;
			hasScannedForEncodings = 0;
			knownRegions = (
				en,
				Base,
			);
			mainGroup = 1CE97F7927DE0343007370C0;
			productRefGroup = 1CE97F8327DE0343007370C0 /* Products */;
			projectDirPath = "";
			projectRoot = "";
			targets = (
				1CE97F8127DE0343007370C0 /* Photogramm */,
			);
		};
/* End PBXProject section */

/* Begin PBXResourcesBuildPhase section */
		1CE97F8027DE0343007370C0 /* Resources */ = {
			isa = PBXResourcesBuildPhase;
			buildActionMask = 2147483647;
			files = (
				1CE97F9227DE0345007370C0 /* LaunchScreen.storyboard in Resources */,
				1CE97F8F27DE0345007370C0 /* Assets.xcassets in Resources */,
			);
			runOnlyForDeploymentPostprocessing = 0;
		};
/* End PBXResourcesBuildPhase section */

/* Begin PBXSourcesBuildPhase section */
		1CE97F7E27DE0343007370C0 /* Sources */ = {
			isa = PBXSourcesBuildPhase;
			buildActionMask = 2147483647;
			files = (
				CEFC861328100C9E00A5FD8B /* UIViewController+Extension.swift in Sources */,
				1C4BE3FA27F23A7A005E6A67 /* SearchViewController.swift in Sources */,
				1CE97FCC27DE2EB5007370C0 /* UIAlertController+Extension.swift in Sources */,
				1CA76A812808B35800A7D47F /* DateFormatter.swift in Sources */,
				1CDA99762808A86400B292C6 /* User.swift in Sources */,
				1CE97FD527DE499A007370C0 /* SearchCell.swift in Sources */,
				CEA50387282D30B60042A749 /* FilterCollectionViewCell.swift in Sources */,
				1CDA99702804C76A00B292C6 /* UIColor+Extension.swift in Sources */,
				1CF58B5027F08F100018807A /* UIViewContriller+Extension.swift in Sources */,
				1CDA997C2808A8B100B292C6 /* UserLinks.swift in Sources */,
				1C5C29CE2817482400697AC0 /* Animator.swift in Sources */,
				1CDA997E2808A8C800B292C6 /* ProfileImage.swift in Sources */,
				1CE97FAE27DE0AFA007370C0 /* NetworkLogger.swift in Sources */,
				1CE97FA527DE08CD007370C0 /* ParameterEncoding.swift in Sources */,
				1CDA99722807629C00B292C6 /* UIViewController+Extansion.swift in Sources */,
				1CDA99832808A9D000B292C6 /* PhotoResponce.swift in Sources */,
				1CE97FA927DE0967007370C0 /* URLParameterEncoder.swift in Sources */,
				1CF58B5A27F091550018807A /* RowLayout.swift in Sources */,
				1C4BE42027F244A3005E6A67 /* PhotoServices.swift in Sources */,
				1CA76A852808B48B00A7D47F /* String+Date.swift in Sources */,
				1CE97FB127DE0B55007370C0 /* NetworkManager.swift in Sources */,
				CE80D8D2282D3F300069897E /* SearchFilterModel.swift in Sources */,
				1CE97F9F27DE07C3007370C0 /* HTTPTask.swift in Sources */,
				1CE97FA127DE0807007370C0 /* Parameters.swift in Sources */,
				1C4BE42727F251E0005E6A67 /* SearchPhotos.swift in Sources */,
				CEA50385282D2FCD0042A749 /* FilterCollectionView.swift in Sources */,
				1C4BE3FC27F23A81005E6A67 /* PinterestLayout.swift in Sources */,
				1C73DC7828290F2C00145D1E /* PageViewController.swift in Sources */,
				1CDA99742807717F00B292C6 /* NSAttributedString+Extensions.swift in Sources */,
				1C53610A2824143300D72477 /* DetailPhotoView.swift in Sources */,
				1CE97F9A27DE06A6007370C0 /* EndPointType.swift in Sources */,
				1CE97FD327DE47A9007370C0 /* PhotosCollectionView.swift in Sources */,
				1C4BE42327F244A3005E6A67 /* PhotoRequest.swift in Sources */,
				1CDA996B2804B3B100B292C6 /* NavigationMenuBaseController.swift in Sources */,
				1C5C29CA28173F0100697AC0 /* MainDetailViewController.swift in Sources */,
				1CE97F8A27DE0343007370C0 /* MainViewController.swift in Sources */,
				1CF58B4127EF28C30018807A /* MosaicLayout.swift in Sources */,
				1CE97FB727DE0C58007370C0 /* Router.swift in Sources */,
				1C4BE42127F244A3005E6A67 /* PhotosEndPoint.swift in Sources */,
				1CE97FD727DE4B9A007370C0 /* WebImageView.swift in Sources */,
				CEFC861128100B8700A5FD8B /* NetworkMonitor.swift in Sources */,
				1CDA995D27F637DA00B292C6 /* LoadingView.swift in Sources */,
				1CA76A872808B90400A7D47F /* UIView+Gradient.swift in Sources */,
				1CE97F8627DE0343007370C0 /* AppDelegate.swift in Sources */,
				1CDA99852808AAE300B292C6 /* Photo.swift in Sources */,
				1CE97FBA27DE0D46007370C0 /* SearchPhotosEndPoint.swift in Sources */,
				1CDA996127FB889B00B292C6 /* UIView+Extension.swift in Sources */,
				1CDA996527FCD7AC00B292C6 /* UICollectionViewCell+Extension.swift in Sources */,
				1CE97FC327DE2452007370C0 /* HTTPHeaders.swift in Sources */,
				1C4BE3FB27F23A7E005E6A67 /* SearchCollectionViewController.swift in Sources */,
				1CE97FB327DE0B71007370C0 /* NetworkResponse.swift in Sources */,
				1CDA99672802105500B292C6 /* CardsCollectionViewLayout.swift in Sources */,
				CEFC861528100E9200A5FD8B /* Error+Extension.swift in Sources */,
				1CE97FAC27DE09C0007370C0 /* JSONParameterEncoder.swift in Sources */,
				1CDA99782808A88C00B292C6 /* PhotoLinks.swift in Sources */,
				1CE97FC627DE2BB6007370C0 /* SearchPhotoServices.swift in Sources */,
				1CE97FCA27DE2C8A007370C0 /* SearchRequest.swift in Sources */,
				1CE97F9D27DE07A2007370C0 /* HTTPMethod.swift in Sources */,
				1CE97FBD27DE109F007370C0 /* Enviroment.swift in Sources */,
				1CDA99692804B35000B292C6 /* TabItem.swift in Sources */,
				1CE97FA727DE08E7007370C0 /* ParameterEncoderProtocol.swift in Sources */,
				1C4BE3FD27F23A86005E6A67 /* PhotoCell.swift in Sources */,
				1CDA996D2804B3E400B292C6 /* TabNavigationMenu.swift in Sources */,
				1CDA997A2808A89B00B292C6 /* Urls.swift in Sources */,
				1CE97FB527DE0C02007370C0 /* NetworkEnvironment.swift in Sources */,
			);
			runOnlyForDeploymentPostprocessing = 0;
		};
/* End PBXSourcesBuildPhase section */

/* Begin PBXVariantGroup section */
		1CE97F9027DE0345007370C0 /* LaunchScreen.storyboard */ = {
			isa = PBXVariantGroup;
			children = (
				1CE97F9127DE0345007370C0 /* Base */,
			);
			name = LaunchScreen.storyboard;
			sourceTree = "<group>";
		};
/* End PBXVariantGroup section */

/* Begin XCBuildConfiguration section */
		1CE97F9427DE0345007370C0 /* Debug */ = {
			isa = XCBuildConfiguration;
			buildSettings = {
				ALWAYS_SEARCH_USER_PATHS = NO;
				CLANG_ANALYZER_NONNULL = YES;
				CLANG_ANALYZER_NUMBER_OBJECT_CONVERSION = YES_AGGRESSIVE;
				CLANG_CXX_LANGUAGE_STANDARD = "gnu++17";
				CLANG_CXX_LIBRARY = "libc++";
				CLANG_ENABLE_MODULES = YES;
				CLANG_ENABLE_OBJC_ARC = YES;
				CLANG_ENABLE_OBJC_WEAK = YES;
				CLANG_WARN_BLOCK_CAPTURE_AUTORELEASING = YES;
				CLANG_WARN_BOOL_CONVERSION = YES;
				CLANG_WARN_COMMA = YES;
				CLANG_WARN_CONSTANT_CONVERSION = YES;
				CLANG_WARN_DEPRECATED_OBJC_IMPLEMENTATIONS = YES;
				CLANG_WARN_DIRECT_OBJC_ISA_USAGE = YES_ERROR;
				CLANG_WARN_DOCUMENTATION_COMMENTS = YES;
				CLANG_WARN_EMPTY_BODY = YES;
				CLANG_WARN_ENUM_CONVERSION = YES;
				CLANG_WARN_INFINITE_RECURSION = YES;
				CLANG_WARN_INT_CONVERSION = YES;
				CLANG_WARN_NON_LITERAL_NULL_CONVERSION = YES;
				CLANG_WARN_OBJC_IMPLICIT_RETAIN_SELF = YES;
				CLANG_WARN_OBJC_LITERAL_CONVERSION = YES;
				CLANG_WARN_OBJC_ROOT_CLASS = YES_ERROR;
				CLANG_WARN_QUOTED_INCLUDE_IN_FRAMEWORK_HEADER = YES;
				CLANG_WARN_RANGE_LOOP_ANALYSIS = YES;
				CLANG_WARN_STRICT_PROTOTYPES = YES;
				CLANG_WARN_SUSPICIOUS_MOVE = YES;
				CLANG_WARN_UNGUARDED_AVAILABILITY = YES_AGGRESSIVE;
				CLANG_WARN_UNREACHABLE_CODE = YES;
				CLANG_WARN__DUPLICATE_METHOD_MATCH = YES;
				COPY_PHASE_STRIP = NO;
				DEBUG_INFORMATION_FORMAT = dwarf;
				ENABLE_STRICT_OBJC_MSGSEND = YES;
				ENABLE_TESTABILITY = YES;
				GCC_C_LANGUAGE_STANDARD = gnu11;
				GCC_DYNAMIC_NO_PIC = NO;
				GCC_NO_COMMON_BLOCKS = YES;
				GCC_OPTIMIZATION_LEVEL = 0;
				GCC_PREPROCESSOR_DEFINITIONS = (
					"DEBUG=1",
					"$(inherited)",
				);
				GCC_WARN_64_TO_32_BIT_CONVERSION = YES;
				GCC_WARN_ABOUT_RETURN_TYPE = YES_ERROR;
				GCC_WARN_UNDECLARED_SELECTOR = YES;
				GCC_WARN_UNINITIALIZED_AUTOS = YES_AGGRESSIVE;
				GCC_WARN_UNUSED_FUNCTION = YES;
				GCC_WARN_UNUSED_VARIABLE = YES;
				IPHONEOS_DEPLOYMENT_TARGET = 15.2;
				MTL_ENABLE_DEBUG_INFO = INCLUDE_SOURCE;
				MTL_FAST_MATH = YES;
				ONLY_ACTIVE_ARCH = YES;
				SDKROOT = iphoneos;
				SWIFT_ACTIVE_COMPILATION_CONDITIONS = DEBUG;
				SWIFT_OPTIMIZATION_LEVEL = "-Onone";
			};
			name = Debug;
		};
		1CE97F9527DE0345007370C0 /* Release */ = {
			isa = XCBuildConfiguration;
			buildSettings = {
				ALWAYS_SEARCH_USER_PATHS = NO;
				CLANG_ANALYZER_NONNULL = YES;
				CLANG_ANALYZER_NUMBER_OBJECT_CONVERSION = YES_AGGRESSIVE;
				CLANG_CXX_LANGUAGE_STANDARD = "gnu++17";
				CLANG_CXX_LIBRARY = "libc++";
				CLANG_ENABLE_MODULES = YES;
				CLANG_ENABLE_OBJC_ARC = YES;
				CLANG_ENABLE_OBJC_WEAK = YES;
				CLANG_WARN_BLOCK_CAPTURE_AUTORELEASING = YES;
				CLANG_WARN_BOOL_CONVERSION = YES;
				CLANG_WARN_COMMA = YES;
				CLANG_WARN_CONSTANT_CONVERSION = YES;
				CLANG_WARN_DEPRECATED_OBJC_IMPLEMENTATIONS = YES;
				CLANG_WARN_DIRECT_OBJC_ISA_USAGE = YES_ERROR;
				CLANG_WARN_DOCUMENTATION_COMMENTS = YES;
				CLANG_WARN_EMPTY_BODY = YES;
				CLANG_WARN_ENUM_CONVERSION = YES;
				CLANG_WARN_INFINITE_RECURSION = YES;
				CLANG_WARN_INT_CONVERSION = YES;
				CLANG_WARN_NON_LITERAL_NULL_CONVERSION = YES;
				CLANG_WARN_OBJC_IMPLICIT_RETAIN_SELF = YES;
				CLANG_WARN_OBJC_LITERAL_CONVERSION = YES;
				CLANG_WARN_OBJC_ROOT_CLASS = YES_ERROR;
				CLANG_WARN_QUOTED_INCLUDE_IN_FRAMEWORK_HEADER = YES;
				CLANG_WARN_RANGE_LOOP_ANALYSIS = YES;
				CLANG_WARN_STRICT_PROTOTYPES = YES;
				CLANG_WARN_SUSPICIOUS_MOVE = YES;
				CLANG_WARN_UNGUARDED_AVAILABILITY = YES_AGGRESSIVE;
				CLANG_WARN_UNREACHABLE_CODE = YES;
				CLANG_WARN__DUPLICATE_METHOD_MATCH = YES;
				COPY_PHASE_STRIP = NO;
				DEBUG_INFORMATION_FORMAT = "dwarf-with-dsym";
				ENABLE_NS_ASSERTIONS = NO;
				ENABLE_STRICT_OBJC_MSGSEND = YES;
				GCC_C_LANGUAGE_STANDARD = gnu11;
				GCC_NO_COMMON_BLOCKS = YES;
				GCC_WARN_64_TO_32_BIT_CONVERSION = YES;
				GCC_WARN_ABOUT_RETURN_TYPE = YES_ERROR;
				GCC_WARN_UNDECLARED_SELECTOR = YES;
				GCC_WARN_UNINITIALIZED_AUTOS = YES_AGGRESSIVE;
				GCC_WARN_UNUSED_FUNCTION = YES;
				GCC_WARN_UNUSED_VARIABLE = YES;
				IPHONEOS_DEPLOYMENT_TARGET = 15.2;
				MTL_ENABLE_DEBUG_INFO = NO;
				MTL_FAST_MATH = YES;
				SDKROOT = iphoneos;
				SWIFT_COMPILATION_MODE = wholemodule;
				SWIFT_OPTIMIZATION_LEVEL = "-O";
				VALIDATE_PRODUCT = YES;
			};
			name = Release;
		};
		1CE97F9727DE0345007370C0 /* Debug */ = {
			isa = XCBuildConfiguration;
			buildSettings = {
				ASSETCATALOG_COMPILER_APPICON_NAME = AppIcon;
				ASSETCATALOG_COMPILER_GLOBAL_ACCENT_COLOR_NAME = AccentColor;
				CODE_SIGN_STYLE = Automatic;
				CURRENT_PROJECT_VERSION = 1;
				DEVELOPMENT_TEAM = UPP28B77QU;
				GENERATE_INFOPLIST_FILE = YES;
				INFOPLIST_FILE = Photogramm/Info.plist;
				INFOPLIST_KEY_UIApplicationSupportsIndirectInputEvents = YES;
				INFOPLIST_KEY_UILaunchStoryboardName = LaunchScreen;
				INFOPLIST_KEY_UISupportedInterfaceOrientations_iPad = "UIInterfaceOrientationPortrait UIInterfaceOrientationPortraitUpsideDown UIInterfaceOrientationLandscapeLeft UIInterfaceOrientationLandscapeRight";
				INFOPLIST_KEY_UISupportedInterfaceOrientations_iPhone = "UIInterfaceOrientationPortrait UIInterfaceOrientationLandscapeLeft UIInterfaceOrientationLandscapeRight";
				LD_RUNPATH_SEARCH_PATHS = (
					"$(inherited)",
					"@executable_path/Frameworks",
				);
				MARKETING_VERSION = 1.0;
				PRODUCT_BUNDLE_IDENTIFIER = com.Photogramm;
				PRODUCT_NAME = "$(TARGET_NAME)";
				SWIFT_EMIT_LOC_STRINGS = YES;
				SWIFT_VERSION = 5.0;
				TARGETED_DEVICE_FAMILY = "1,2";
			};
			name = Debug;
		};
		1CE97F9827DE0345007370C0 /* Release */ = {
			isa = XCBuildConfiguration;
			buildSettings = {
				ASSETCATALOG_COMPILER_APPICON_NAME = AppIcon;
				ASSETCATALOG_COMPILER_GLOBAL_ACCENT_COLOR_NAME = AccentColor;
				CODE_SIGN_STYLE = Automatic;
				CURRENT_PROJECT_VERSION = 1;
				DEVELOPMENT_TEAM = UPP28B77QU;
				GENERATE_INFOPLIST_FILE = YES;
				INFOPLIST_FILE = Photogramm/Info.plist;
				INFOPLIST_KEY_UIApplicationSupportsIndirectInputEvents = YES;
				INFOPLIST_KEY_UILaunchStoryboardName = LaunchScreen;
				INFOPLIST_KEY_UISupportedInterfaceOrientations_iPad = "UIInterfaceOrientationPortrait UIInterfaceOrientationPortraitUpsideDown UIInterfaceOrientationLandscapeLeft UIInterfaceOrientationLandscapeRight";
				INFOPLIST_KEY_UISupportedInterfaceOrientations_iPhone = "UIInterfaceOrientationPortrait UIInterfaceOrientationLandscapeLeft UIInterfaceOrientationLandscapeRight";
				LD_RUNPATH_SEARCH_PATHS = (
					"$(inherited)",
					"@executable_path/Frameworks",
				);
				MARKETING_VERSION = 1.0;
				PRODUCT_BUNDLE_IDENTIFIER = com.Photogramm;
				PRODUCT_NAME = "$(TARGET_NAME)";
				SWIFT_EMIT_LOC_STRINGS = YES;
				SWIFT_VERSION = 5.0;
				TARGETED_DEVICE_FAMILY = "1,2";
			};
			name = Release;
		};
/* End XCBuildConfiguration section */

/* Begin XCConfigurationList section */
		1CE97F7D27DE0343007370C0 /* Build configuration list for PBXProject "Photogramm" */ = {
			isa = XCConfigurationList;
			buildConfigurations = (
				1CE97F9427DE0345007370C0 /* Debug */,
				1CE97F9527DE0345007370C0 /* Release */,
			);
			defaultConfigurationIsVisible = 0;
			defaultConfigurationName = Release;
		};
		1CE97F9627DE0345007370C0 /* Build configuration list for PBXNativeTarget "Photogramm" */ = {
			isa = XCConfigurationList;
			buildConfigurations = (
				1CE97F9727DE0345007370C0 /* Debug */,
				1CE97F9827DE0345007370C0 /* Release */,
			);
			defaultConfigurationIsVisible = 0;
			defaultConfigurationName = Release;
		};
/* End XCConfigurationList section */
	};
	rootObject = 1CE97F7A27DE0343007370C0 /* Project object */;
}
